// ConsoleApplication1.cpp : Этот файл содержит функцию "main". Здесь начинается и заканчивается выполнение программы.
//

#include <iostream>
#include <cmath>
using namespace std;
int main()
{
    setlocale(LC_ALL, "Russian");
    cout << "введите x";
    int x;
    cout << "введите y";
    int y;
    cout << "введите a";
    int a;
    cout << "введите b";
    int b;
    double z;

    cin >> x;
    cin >> y;
    cin >> a;
    cin >> b;

    

    if (x < y)
    {
        double minEl = a - cos(x);
        if (a / (b + y) < minEl)
        {
            minEl = a / (b + y);
        }
        if (pow(sin(y), 2) < minEl)
        {
            minEl = pow(sin(y), 2);
        }
        z = minEl;
        cout << z;
    }
    else if (y <= x && x < y + 5)
    {
        double maxEl = pow(a, 3);

        if (maxEl < log(pow(x, 2) + pow(y, 2)))
        {
            maxEl = log(pow(x, 2) + pow(y, 2));
        }
        z = maxEl;
        cout << z;

    }
    else if (x >= y + 5)
    {
        z = a + pow(cos(x - y), 3);
        cout << z;
    }
}
